
Microsoft Visual Studio Solution File, Format Version 12.00
# Visual Studio 14
VisualStudioVersion = 14.0.25420.1
MinimumVisualStudioVersion = 10.0.40219.1
Project("{FAE04EC0-301F-11D3-BF4B-00C04F79EFBC}") = "TicTacToeDomain", "TicTacToeDomain\TicTacToeDomain.csproj", "{56812F5D-4139-4F15-9312-C03109BB7A20}"
EndProject
Project("{FAE04EC0-301F-11D3-BF4B-00C04F79EFBC}") = "TicTacToeDomainTest", "TicTacToeDomainTest\TicTacToeDomainTest.csproj", "{F71F8D1C-6381-496B-94FC-84BFC13B00AF}"
EndProject
Global
	GlobalSection(SolutionConfigurationPlatforms) = preSolution
		Debug|Any CPU = Debug|Any CPU
		Release|Any CPU = Release|Any CPU
	EndGlobalSection
	GlobalSection(ProjectConfigurationPlatforms) = postSolution
		{56812F5D-4139-4F15-9312-C03109BB7A20}.Debug|Any CPU.ActiveCfg = Debug|Any CPU
		{56812F5D-4139-4F15-9312-C03109BB7A20}.Debug|Any CPU.Build.0 = Debug|Any CPU
		{56812F5D-4139-4F15-9312-C03109BB7A20}.Release|Any CPU.ActiveCfg = Release|Any CPU
		{56812F5D-4139-4F15-9312-C03109BB7A20}.Release|Any CPU.Build.0 = Release|Any CPU
		{F71F8D1C-6381-496B-94FC-84BFC13B00AF}.Debug|Any CPU.ActiveCfg = Debug|Any CPU
		{F71F8D1C-6381-496B-94FC-84BFC13B00AF}.Debug|Any CPU.Build.0 = Debug|Any CPU
		{F71F8D1C-6381-496B-94FC-84BFC13B00AF}.Release|Any CPU.ActiveCfg = Release|Any CPU
		{F71F8D1C-6381-496B-94FC-84BFC13B00AF}.Release|Any CPU.Build.0 = Release|Any CPU
	EndGlobalSection
	GlobalSection(SolutionProperties) = preSolution
		HideSolutionNode = FALSE
	EndGlobalSection
EndGlobal
